
Microsoft Visual Studio Solution File, Format Version 12.00
# Visual Studio Version 17
VisualStudioVersion = 17.11.35222.181
MinimumVisualStudioVersion = 10.0.40219.1
Project("{FAE04EC0-301F-11D3-BF4B-00C04F79EFBC}") = "ConsoleApp1", "ConsoleApp1\ConsoleApp1.csproj", "{97694469-16CF-4345-A552-26862EEB5A16}"
EndProject
Global
	GlobalSection(SolutionConfigurationPlatforms) = preSolution
		Debug|Any CPU = Debug|Any CPU
		Release|Any CPU = Release|Any CPU
	EndGlobalSection
	GlobalSection(ProjectConfigurationPlatforms) = postSolution
		{97694469-16CF-4345-A552-26862EEB5A16}.Debug|Any CPU.ActiveCfg = Debug|Any CPU
		{97694469-16CF-4345-A552-26862EEB5A16}.Debug|Any CPU.Build.0 = Debug|Any CPU
		{97694469-16CF-4345-A552-26862EEB5A16}.Release|Any CPU.ActiveCfg = Release|Any CPU
		{97694469-16CF-4345-A552-26862EEB5A16}.Release|Any CPU.Build.0 = Release|Any CPU
	EndGlobalSection
	GlobalSection(SolutionProperties) = preSolution
		HideSolutionNode = FALSE
	EndGlobalSection
	GlobalSection(ExtensibilityGlobals) = postSolution
		SolutionGuid = {0B0BD17C-4BB7-47EF-9E03-73A2762AE3E1}
	EndGlobalSection
EndGlobal
